
Microsoft Visual Studio Solution File, Format Version 12.00
# Visual Studio Version 17
VisualStudioVersion = 17.14.37216.2 d17.14
MinimumVisualStudioVersion = 10.0.40219.1
Project("{FAE04EC0-301F-11D3-BF4B-00C04F79EFBC}") = "Курсовая", "Курсовая\Курсовая.csproj", "{2C57CC20-9894-4B10-B31C-C5A0B79E0320}"
EndProject
Global
	GlobalSection(SolutionConfigurationPlatforms) = preSolution
		Debug|Any CPU = Debug|Any CPU
		Release|Any CPU = Release|Any CPU
	EndGlobalSection
	GlobalSection(ProjectConfigurationPlatforms) = postSolution
		{2C57CC20-9894-4B10-B31C-C5A0B79E0320}.Debug|Any CPU.ActiveCfg = Debug|Any CPU
		{2C57CC20-9894-4B10-B31C-C5A0B79E0320}.Debug|Any CPU.Build.0 = Debug|Any CPU
		{2C57CC20-9894-4B10-B31C-C5A0B79E0320}.Release|Any CPU.ActiveCfg = Release|Any CPU
		{2C57CC20-9894-4B10-B31C-C5A0B79E0320}.Release|Any CPU.Build.0 = Release|Any CPU
	EndGlobalSection
	GlobalSection(SolutionProperties) = preSolution
		HideSolutionNode = FALSE
	EndGlobalSection
	GlobalSection(ExtensibilityGlobals) = postSolution
		SolutionGuid = {B092468B-B9D3-4A48-BB43-178BA66426E5}
	EndGlobalSection
EndGlobal
